{
  "name": "@emeris/types",
  "version": "0.0.27",
  "lockfileVersion": 1,
  "requires": true,
  "dependencies": {
    "@sinclair/typebox": {
      "version": "0.22.1",
      "resolved": "https://registry.npmjs.org/@sinclair/typebox/-/typebox-0.22.1.tgz",
      "integrity": "sha512-cYkZ5oYd/KrzwcocLtGI4QRi6oniV4eP8IEefEhZp8YjLhrsrHiiaeChs8a9T/YKIlIjHMoxoOCWOUkZ/vviNw=="
    },
    "typescript": {
      "version": "4.4.4",
      "resolved": "https://registry.npmjs.org/typescript/-/typescript-4.4.4.tgz",
      "integrity": "sha512-DqGhF5IKoBl8WNf8C1gu8q0xZSInh9j1kJJMqT3a94w1JzVaBU4EXOSMrz9yDqMT0xt3selp83fuFMQ0uzv6qA==",
      "dev": true
    }
  }
}
